
Microsoft Visual Studio Solution File, Format Version 12.00
# Visual Studio Version 17
VisualStudioVersion = 17.1.32210.238
MinimumVisualStudioVersion = 10.0.40219.1
Project("{FAE04EC0-301F-11D3-BF4B-00C04F79EFBC}") = "COS730.RestApi", "COS730.RestApi.csproj", "{05CABEB5-8878-4E1C-A3C5-DAE28B8F28C7}"
EndProject
Project("{FAE04EC0-301F-11D3-BF4B-00C04F79EFBC}") = "COS730.Dapper", "..\COS730.Dapper\COS730.Dapper.csproj", "{F82F0DD0-AA63-470F-AD28-96DEFD5161D4}"
EndProject
Project("{FAE04EC0-301F-11D3-BF4B-00C04F79EFBC}") = "COS730.Models", "..\COS730.Models\COS730.Models.csproj", "{EE4362B3-81C1-49D7-901D-094BA25CF3A0}"
EndProject
Global
	GlobalSection(SolutionConfigurationPlatforms) = preSolution
		Debug|Any CPU = Debug|Any CPU
		Release|Any CPU = Release|Any CPU
	EndGlobalSection
	GlobalSection(ProjectConfigurationPlatforms) = postSolution
		{05CABEB5-8878-4E1C-A3C5-DAE28B8F28C7}.Debug|Any CPU.ActiveCfg = Debug|Any CPU
		{05CABEB5-8878-4E1C-A3C5-DAE28B8F28C7}.Debug|Any CPU.Build.0 = Debug|Any CPU
		{05CABEB5-8878-4E1C-A3C5-DAE28B8F28C7}.Release|Any CPU.ActiveCfg = Release|Any CPU
		{05CABEB5-8878-4E1C-A3C5-DAE28B8F28C7}.Release|Any CPU.Build.0 = Release|Any CPU
		{F82F0DD0-AA63-470F-AD28-96DEFD5161D4}.Debug|Any CPU.ActiveCfg = Debug|Any CPU
		{F82F0DD0-AA63-470F-AD28-96DEFD5161D4}.Debug|Any CPU.Build.0 = Debug|Any CPU
		{F82F0DD0-AA63-470F-AD28-96DEFD5161D4}.Release|Any CPU.ActiveCfg = Release|Any CPU
		{F82F0DD0-AA63-470F-AD28-96DEFD5161D4}.Release|Any CPU.Build.0 = Release|Any CPU
		{EE4362B3-81C1-49D7-901D-094BA25CF3A0}.Debug|Any CPU.ActiveCfg = Debug|Any CPU
		{EE4362B3-81C1-49D7-901D-094BA25CF3A0}.Debug|Any CPU.Build.0 = Debug|Any CPU
		{EE4362B3-81C1-49D7-901D-094BA25CF3A0}.Release|Any CPU.ActiveCfg = Release|Any CPU
		{EE4362B3-81C1-49D7-901D-094BA25CF3A0}.Release|Any CPU.Build.0 = Release|Any CPU
	EndGlobalSection
	GlobalSection(SolutionProperties) = preSolution
		HideSolutionNode = FALSE
	EndGlobalSection
	GlobalSection(ExtensibilityGlobals) = postSolution
		SolutionGuid = {14054DFB-292B-4ABF-9406-87C8BBD5BCC2}
	EndGlobalSection
EndGlobal
